
Microsoft Visual Studio Solution File, Format Version 12.00
# Visual Studio Version 16
VisualStudioVersion = 16.0.29926.136
MinimumVisualStudioVersion = 10.0.40219.1
Project("{8BC9CEB8-8B4A-11D0-8D11-00A0C91BC942}") = "Assignment1", "Assignment\Assignment.vcxproj", "{8724BF59-6CD8-4ECA-A911-BEE8F04DA05A}"
EndProject
Project("{8BC9CEB8-8B4A-11D0-8D11-00A0C91BC942}") = "Assignment2", "Assignment2\Assignment2.vcxproj", "{85622854-C415-4930-9C19-011EBDD5C6DD}"
EndProject
Project("{8BC9CEB8-8B4A-11D0-8D11-00A0C91BC942}") = "Assignment3", "Assignment3\Assignment3.vcxproj", "{DD7D38EE-A09E-4562-ABEB-1CE281CCB0CC}"
EndProject
Project("{8BC9CEB8-8B4A-11D0-8D11-00A0C91BC942}") = "Assignment4", "Assignment4\Assignment4.vcxproj", "{E1ABCD37-4709-4145-97EC-707B89D13503}"
EndProject
Project("{8BC9CEB8-8B4A-11D0-8D11-00A0C91BC942}") = "Assignment5", "Assignment5\Assignment5.vcxproj", "{62230944-F329-40E2-BAB7-7D97E7E9FFC4}"
EndProject
Global
	GlobalSection(SolutionConfigurationPlatforms) = preSolution
		Debug|x64 = Debug|x64
		Debug|x86 = Debug|x86
		Release|x64 = Release|x64
		Release|x86 = Release|x86
	EndGlobalSection
	GlobalSection(ProjectConfigurationPlatforms) = postSolution
		{8724BF59-6CD8-4ECA-A911-BEE8F04DA05A}.Debug|x64.ActiveCfg = Debug|x64
		{8724BF59-6CD8-4ECA-A911-BEE8F04DA05A}.Debug|x64.Build.0 = Debug|x64
		{8724BF59-6CD8-4ECA-A911-BEE8F04DA05A}.Debug|x86.ActiveCfg = Debug|Win32
		{8724BF59-6CD8-4ECA-A911-BEE8F04DA05A}.Debug|x86.Build.0 = Debug|Win32
		{8724BF59-6CD8-4ECA-A911-BEE8F04DA05A}.Release|x64.ActiveCfg = Release|x64
		{8724BF59-6CD8-4ECA-A911-BEE8F04DA05A}.Release|x64.Build.0 = Release|x64
		{8724BF59-6CD8-4ECA-A911-BEE8F04DA05A}.Release|x86.ActiveCfg = Release|Win32
		{8724BF59-6CD8-4ECA-A911-BEE8F04DA05A}.Release|x86.Build.0 = Release|Win32
		{85622854-C415-4930-9C19-011EBDD5C6DD}.Debug|x64.ActiveCfg = Debug|x64
		{85622854-C415-4930-9C19-011EBDD5C6DD}.Debug|x64.Build.0 = Debug|x64
		{85622854-C415-4930-9C19-011EBDD5C6DD}.Debug|x86.ActiveCfg = Debug|Win32
		{85622854-C415-4930-9C19-011EBDD5C6DD}.Debug|x86.Build.0 = Debug|Win32
		{85622854-C415-4930-9C19-011EBDD5C6DD}.Release|x64.ActiveCfg = Release|x64
		{85622854-C415-4930-9C19-011EBDD5C6DD}.Release|x64.Build.0 = Release|x64
		{85622854-C415-4930-9C19-011EBDD5C6DD}.Release|x86.ActiveCfg = Release|Win32
		{85622854-C415-4930-9C19-011EBDD5C6DD}.Release|x86.Build.0 = Release|Win32
		{DD7D38EE-A09E-4562-ABEB-1CE281CCB0CC}.Debug|x64.ActiveCfg = Debug|x64
		{DD7D38EE-A09E-4562-ABEB-1CE281CCB0CC}.Debug|x64.Build.0 = Debug|x64
		{DD7D38EE-A09E-4562-ABEB-1CE281CCB0CC}.Debug|x86.ActiveCfg = Debug|Win32
		{DD7D38EE-A09E-4562-ABEB-1CE281CCB0CC}.Debug|x86.Build.0 = Debug|Win32
		{DD7D38EE-A09E-4562-ABEB-1CE281CCB0CC}.Release|x64.ActiveCfg = Release|x64
		{DD7D38EE-A09E-4562-ABEB-1CE281CCB0CC}.Release|x64.Build.0 = Release|x64
		{DD7D38EE-A09E-4562-ABEB-1CE281CCB0CC}.Release|x86.ActiveCfg = Release|Win32
		{DD7D38EE-A09E-4562-ABEB-1CE281CCB0CC}.Release|x86.Build.0 = Release|Win32
		{E1ABCD37-4709-4145-97EC-707B89D13503}.Debug|x64.ActiveCfg = Debug|x64
		{E1ABCD37-4709-4145-97EC-707B89D13503}.Debug|x64.Build.0 = Debug|x64
		{E1ABCD37-4709-4145-97EC-707B89D13503}.Debug|x86.ActiveCfg = Debug|Win32
		{E1ABCD37-4709-4145-97EC-707B89D13503}.Debug|x86.Build.0 = Debug|Win32
		{E1ABCD37-4709-4145-97EC-707B89D13503}.Release|x64.ActiveCfg = Release|x64
		{E1ABCD37-4709-4145-97EC-707B89D13503}.Release|x64.Build.0 = Release|x64
		{E1ABCD37-4709-4145-97EC-707B89D13503}.Release|x86.ActiveCfg = Release|Win32
		{E1ABCD37-4709-4145-97EC-707B89D13503}.Release|x86.Build.0 = Release|Win32
		{62230944-F329-40E2-BAB7-7D97E7E9FFC4}.Debug|x64.ActiveCfg = Debug|x64
		{62230944-F329-40E2-BAB7-7D97E7E9FFC4}.Debug|x64.Build.0 = Debug|x64
		{62230944-F329-40E2-BAB7-7D97E7E9FFC4}.Debug|x86.ActiveCfg = Debug|Win32
		{62230944-F329-40E2-BAB7-7D97E7E9FFC4}.Debug|x86.Build.0 = Debug|Win32
		{62230944-F329-40E2-BAB7-7D97E7E9FFC4}.Release|x64.ActiveCfg = Release|x64
		{62230944-F329-40E2-BAB7-7D97E7E9FFC4}.Release|x64.Build.0 = Release|x64
		{62230944-F329-40E2-BAB7-7D97E7E9FFC4}.Release|x86.ActiveCfg = Release|Win32
		{62230944-F329-40E2-BAB7-7D97E7E9FFC4}.Release|x86.Build.0 = Release|Win32
	EndGlobalSection
	GlobalSection(SolutionProperties) = preSolution
		HideSolutionNode = FALSE
	EndGlobalSection
	GlobalSection(ExtensibilityGlobals) = postSolution
		SolutionGuid = {8D2B8BAB-9D4C-4CBE-9B50-8AC2839CB4E8}
	EndGlobalSection
EndGlobal
